
Microsoft Visual Studio Solution File, Format Version 12.00
# Visual Studio Version 17
VisualStudioVersion = 17.6.33815.320
MinimumVisualStudioVersion = 10.0.40219.1
Project("{FAE04EC0-301F-11D3-BF4B-00C04F79EFBC}") = "VerificaMySql", "VerificaMySql\VerificaMySql.csproj", "{94753261-136F-479D-83B8-B98C0A8A5852}"
EndProject
Global
	GlobalSection(SolutionConfigurationPlatforms) = preSolution
		Debug|Any CPU = Debug|Any CPU
		Release|Any CPU = Release|Any CPU
	EndGlobalSection
	GlobalSection(ProjectConfigurationPlatforms) = postSolution
		{94753261-136F-479D-83B8-B98C0A8A5852}.Debug|Any CPU.ActiveCfg = Debug|Any CPU
		{94753261-136F-479D-83B8-B98C0A8A5852}.Debug|Any CPU.Build.0 = Debug|Any CPU
		{94753261-136F-479D-83B8-B98C0A8A5852}.Release|Any CPU.ActiveCfg = Release|Any CPU
		{94753261-136F-479D-83B8-B98C0A8A5852}.Release|Any CPU.Build.0 = Release|Any CPU
	EndGlobalSection
	GlobalSection(SolutionProperties) = preSolution
		HideSolutionNode = FALSE
	EndGlobalSection
	GlobalSection(ExtensibilityGlobals) = postSolution
		SolutionGuid = {EFF5678C-A07E-4FA9-9CB0-4CCF7FBCA796}
	EndGlobalSection
EndGlobal
